
Microsoft Visual Studio Solution File, Format Version 12.00
# Visual Studio Version 17
VisualStudioVersion = 17.11.35327.3
MinimumVisualStudioVersion = 10.0.40219.1
Project("{FAE04EC0-301F-11D3-BF4B-00C04F79EFBC}") = "Eticaret.WebUI", "Eticaret.WebUI\Eticaret.WebUI.csproj", "{FA8B4D5E-B515-4ED6-AA19-AF582A845208}"
EndProject
Project("{FAE04EC0-301F-11D3-BF4B-00C04F79EFBC}") = "Eticaret.Data", "Eticaret.Data\Eticaret.Data.csproj", "{610ABB72-DE8D-4BFF-BCB5-7A75C7B41192}"
EndProject
Project("{FAE04EC0-301F-11D3-BF4B-00C04F79EFBC}") = "Eticaret.Service", "Eticaret.Service\Eticaret.Service.csproj", "{D87EE6A1-C479-47B3-BA0C-0C2594E58F5F}"
EndProject
Project("{FAE04EC0-301F-11D3-BF4B-00C04F79EFBC}") = "Eticaret.Core", "Eticaret.Core\Eticaret.Core.csproj", "{E35D2AC5-9B4A-4161-BCB0-2637DB6FF528}"
EndProject
Global
	GlobalSection(SolutionConfigurationPlatforms) = preSolution
		Debug|Any CPU = Debug|Any CPU
		Release|Any CPU = Release|Any CPU
	EndGlobalSection
	GlobalSection(ProjectConfigurationPlatforms) = postSolution
		{FA8B4D5E-B515-4ED6-AA19-AF582A845208}.Debug|Any CPU.ActiveCfg = Debug|Any CPU
		{FA8B4D5E-B515-4ED6-AA19-AF582A845208}.Debug|Any CPU.Build.0 = Debug|Any CPU
		{FA8B4D5E-B515-4ED6-AA19-AF582A845208}.Release|Any CPU.ActiveCfg = Release|Any CPU
		{FA8B4D5E-B515-4ED6-AA19-AF582A845208}.Release|Any CPU.Build.0 = Release|Any CPU
		{610ABB72-DE8D-4BFF-BCB5-7A75C7B41192}.Debug|Any CPU.ActiveCfg = Debug|Any CPU
		{610ABB72-DE8D-4BFF-BCB5-7A75C7B41192}.Debug|Any CPU.Build.0 = Debug|Any CPU
		{610ABB72-DE8D-4BFF-BCB5-7A75C7B41192}.Release|Any CPU.ActiveCfg = Release|Any CPU
		{610ABB72-DE8D-4BFF-BCB5-7A75C7B41192}.Release|Any CPU.Build.0 = Release|Any CPU
		{D87EE6A1-C479-47B3-BA0C-0C2594E58F5F}.Debug|Any CPU.ActiveCfg = Debug|Any CPU
		{D87EE6A1-C479-47B3-BA0C-0C2594E58F5F}.Debug|Any CPU.Build.0 = Debug|Any CPU
		{D87EE6A1-C479-47B3-BA0C-0C2594E58F5F}.Release|Any CPU.ActiveCfg = Release|Any CPU
		{D87EE6A1-C479-47B3-BA0C-0C2594E58F5F}.Release|Any CPU.Build.0 = Release|Any CPU
		{E35D2AC5-9B4A-4161-BCB0-2637DB6FF528}.Debug|Any CPU.ActiveCfg = Debug|Any CPU
		{E35D2AC5-9B4A-4161-BCB0-2637DB6FF528}.Debug|Any CPU.Build.0 = Debug|Any CPU
		{E35D2AC5-9B4A-4161-BCB0-2637DB6FF528}.Release|Any CPU.ActiveCfg = Release|Any CPU
		{E35D2AC5-9B4A-4161-BCB0-2637DB6FF528}.Release|Any CPU.Build.0 = Release|Any CPU
	EndGlobalSection
	GlobalSection(SolutionProperties) = preSolution
		HideSolutionNode = FALSE
	EndGlobalSection
	GlobalSection(ExtensibilityGlobals) = postSolution
		SolutionGuid = {C49A1C7E-526C-4E99-823B-233011EAB04E}
	EndGlobalSection
EndGlobal
